# This file is generated by running "yarn install" inside your project.
# Manual changes might be lost - proceed with caution!

__metadata:
  version: 6

"@djsp/aws-organization-bootstrap@workspace:.":
  version: 0.0.0-use.local
  resolution: "@djsp/aws-organization-bootstrap@workspace:."
  languageName: unknown
  linkType: soft
